github.com/aryann/difflib v0.0.0-20170710044230-e206f873d14a h1:pv34s756C4pEXnjgPfGYgdhg/ZdajGhyOvzx8k+23nw=
github.com/aryann/difflib v0.0.0-20170710044230-e206f873d14a/go.mod h1:DAHtR1m6lCRdSC2Tm3DSWRPvIPr6xNKyeHdqDQSQT+A=
github.com/oliamb/cutter v0.2.2 h1:Lfwkya0HHNU1YLnGv2hTkzHfasrSMkgv4Dn+5rmlk3k=
github.com/oliamb/cutter v0.2.2/go.mod h1:4BenG2/4GuRBDbVm/OPahDVqbrOemzpPiG5mi1iryBU=
gocv.io/x/gocv v0.26.0 h1:1azNvYEM245YN1bdw/WdX5YJzLg3Sr4STX0MqdWBIXM=
gocv.io/x/gocv v0.26.0/go.mod h1:7Ju5KbPo+R85evmlhhKPVMwXtgDRNX/PtfVfbToSrLU=
